
Microsoft Visual Studio Solution File, Format Version 12.00
Project("{FAE04EC0-301F-11D3-BF4B-00C04F79EFBC}") = "EF_Encapsulation_Starter", "EF_Encapsulation_Starter.csproj", "{72887678-3EB7-4B79-9FF8-C5BCAE2C918F}"
EndProject
Project("{2150E333-8FDC-42A3-9474-1A3956D46DE8}") = "Solution Items", "Solution Items", "{F124C3B8-74E5-4142-B7C5-B22C18C26D5D}"
	ProjectSection(SolutionItems) = preProject
		compose.yaml = compose.yaml
	EndProjectSection
EndProject
Global
	GlobalSection(SolutionConfigurationPlatforms) = preSolution
		Debug|Any CPU = Debug|Any CPU
		Release|Any CPU = Release|Any CPU
	EndGlobalSection
	GlobalSection(ProjectConfigurationPlatforms) = postSolution
		{72887678-3EB7-4B79-9FF8-C5BCAE2C918F}.Debug|Any CPU.ActiveCfg = Debug|Any CPU
		{72887678-3EB7-4B79-9FF8-C5BCAE2C918F}.Debug|Any CPU.Build.0 = Debug|Any CPU
		{72887678-3EB7-4B79-9FF8-C5BCAE2C918F}.Release|Any CPU.ActiveCfg = Release|Any CPU
		{72887678-3EB7-4B79-9FF8-C5BCAE2C918F}.Release|Any CPU.Build.0 = Release|Any CPU
	EndGlobalSection
EndGlobal
